
Microsoft Visual Studio Solution File, Format Version 12.00
# Visual Studio 2012
Project("{FAE04EC0-301F-11D3-BF4B-00C04F79EFBC}") = "AddVitals", "AddVitals\AddVitals.csproj", "{50B10941-61C9-4B3D-9AA6-F9809C440303}"
EndProject
Global
	GlobalSection(SolutionConfigurationPlatforms) = preSolution
		Debug|Any CPU = Debug|Any CPU
		Release|Any CPU = Release|Any CPU
	EndGlobalSection
	GlobalSection(ProjectConfigurationPlatforms) = postSolution
		{50B10941-61C9-4B3D-9AA6-F9809C440303}.Debug|Any CPU.ActiveCfg = Debug|Any CPU
		{50B10941-61C9-4B3D-9AA6-F9809C440303}.Debug|Any CPU.Build.0 = Debug|Any CPU
		{50B10941-61C9-4B3D-9AA6-F9809C440303}.Release|Any CPU.ActiveCfg = Release|Any CPU
		{50B10941-61C9-4B3D-9AA6-F9809C440303}.Release|Any CPU.Build.0 = Release|Any CPU
	EndGlobalSection
	GlobalSection(SolutionProperties) = preSolution
		HideSolutionNode = FALSE
	EndGlobalSection
EndGlobal
